
Microsoft Visual Studio Solution File, Format Version 12.00
# Visual Studio Version 16
VisualStudioVersion = 16.0.31410.357
MinimumVisualStudioVersion = 10.0.40219.1
Project("{FAE04EC0-301F-11D3-BF4B-00C04F79EFBC}") = "Exercicio18", "Exercicio18\Exercicio18.csproj", "{AC15D77F-AAA6-412A-B3F6-0122234B74A2}"
EndProject
Global
	GlobalSection(SolutionConfigurationPlatforms) = preSolution
		Debug|Any CPU = Debug|Any CPU
		Release|Any CPU = Release|Any CPU
	EndGlobalSection
	GlobalSection(ProjectConfigurationPlatforms) = postSolution
		{AC15D77F-AAA6-412A-B3F6-0122234B74A2}.Debug|Any CPU.ActiveCfg = Debug|Any CPU
		{AC15D77F-AAA6-412A-B3F6-0122234B74A2}.Debug|Any CPU.Build.0 = Debug|Any CPU
		{AC15D77F-AAA6-412A-B3F6-0122234B74A2}.Release|Any CPU.ActiveCfg = Release|Any CPU
		{AC15D77F-AAA6-412A-B3F6-0122234B74A2}.Release|Any CPU.Build.0 = Release|Any CPU
	EndGlobalSection
	GlobalSection(SolutionProperties) = preSolution
		HideSolutionNode = FALSE
	EndGlobalSection
	GlobalSection(ExtensibilityGlobals) = postSolution
		SolutionGuid = {F97B8A64-6C62-438E-A362-487104EA271C}
	EndGlobalSection
EndGlobal
