
Microsoft Visual Studio Solution File, Format Version 12.00
# Visual Studio Version 16
VisualStudioVersion = 16.0.31410.357
MinimumVisualStudioVersion = 10.0.40219.1
Project("{FAE04EC0-301F-11D3-BF4B-00C04F79EFBC}") = "Exercicio15", "Exercicio15\Exercicio15.csproj", "{65CBCF37-9501-4B92-BB2A-A5395CB56D2C}"
EndProject
Global
	GlobalSection(SolutionConfigurationPlatforms) = preSolution
		Debug|Any CPU = Debug|Any CPU
		Release|Any CPU = Release|Any CPU
	EndGlobalSection
	GlobalSection(ProjectConfigurationPlatforms) = postSolution
		{65CBCF37-9501-4B92-BB2A-A5395CB56D2C}.Debug|Any CPU.ActiveCfg = Debug|Any CPU
		{65CBCF37-9501-4B92-BB2A-A5395CB56D2C}.Debug|Any CPU.Build.0 = Debug|Any CPU
		{65CBCF37-9501-4B92-BB2A-A5395CB56D2C}.Release|Any CPU.ActiveCfg = Release|Any CPU
		{65CBCF37-9501-4B92-BB2A-A5395CB56D2C}.Release|Any CPU.Build.0 = Release|Any CPU
	EndGlobalSection
	GlobalSection(SolutionProperties) = preSolution
		HideSolutionNode = FALSE
	EndGlobalSection
	GlobalSection(ExtensibilityGlobals) = postSolution
		SolutionGuid = {1D35BE41-4065-44C2-9C67-43A5CC5F2852}
	EndGlobalSection
EndGlobal
