
Microsoft Visual Studio Solution File, Format Version 12.00
# Visual Studio Version 16
VisualStudioVersion = 16.0.31410.357
MinimumVisualStudioVersion = 10.0.40219.1
Project("{FAE04EC0-301F-11D3-BF4B-00C04F79EFBC}") = "SwitchCase", "SwitchCase\SwitchCase.csproj", "{455431A9-041B-4DA0-9F5A-3953EE8CC6FC}"
EndProject
Global
	GlobalSection(SolutionConfigurationPlatforms) = preSolution
		Debug|Any CPU = Debug|Any CPU
		Release|Any CPU = Release|Any CPU
	EndGlobalSection
	GlobalSection(ProjectConfigurationPlatforms) = postSolution
		{455431A9-041B-4DA0-9F5A-3953EE8CC6FC}.Debug|Any CPU.ActiveCfg = Debug|Any CPU
		{455431A9-041B-4DA0-9F5A-3953EE8CC6FC}.Debug|Any CPU.Build.0 = Debug|Any CPU
		{455431A9-041B-4DA0-9F5A-3953EE8CC6FC}.Release|Any CPU.ActiveCfg = Release|Any CPU
		{455431A9-041B-4DA0-9F5A-3953EE8CC6FC}.Release|Any CPU.Build.0 = Release|Any CPU
	EndGlobalSection
	GlobalSection(SolutionProperties) = preSolution
		HideSolutionNode = FALSE
	EndGlobalSection
	GlobalSection(ExtensibilityGlobals) = postSolution
		SolutionGuid = {34082B53-7126-410F-AEBF-D3956B2A958F}
	EndGlobalSection
EndGlobal
