
Microsoft Visual Studio Solution File, Format Version 12.00
# Visual Studio Version 16
VisualStudioVersion = 16.0.31410.357
MinimumVisualStudioVersion = 10.0.40219.1
Project("{FAE04EC0-301F-11D3-BF4B-00C04F79EFBC}") = "Execicio12", "Execicio12\Execicio12.csproj", "{9CEE72D6-9373-4C4A-AA02-08E6CF09D628}"
EndProject
Global
	GlobalSection(SolutionConfigurationPlatforms) = preSolution
		Debug|Any CPU = Debug|Any CPU
		Release|Any CPU = Release|Any CPU
	EndGlobalSection
	GlobalSection(ProjectConfigurationPlatforms) = postSolution
		{9CEE72D6-9373-4C4A-AA02-08E6CF09D628}.Debug|Any CPU.ActiveCfg = Debug|Any CPU
		{9CEE72D6-9373-4C4A-AA02-08E6CF09D628}.Debug|Any CPU.Build.0 = Debug|Any CPU
		{9CEE72D6-9373-4C4A-AA02-08E6CF09D628}.Release|Any CPU.ActiveCfg = Release|Any CPU
		{9CEE72D6-9373-4C4A-AA02-08E6CF09D628}.Release|Any CPU.Build.0 = Release|Any CPU
	EndGlobalSection
	GlobalSection(SolutionProperties) = preSolution
		HideSolutionNode = FALSE
	EndGlobalSection
	GlobalSection(ExtensibilityGlobals) = postSolution
		SolutionGuid = {655E9923-EA00-4C77-ACF4-87D67DE0C8F4}
	EndGlobalSection
EndGlobal
