
Microsoft Visual Studio Solution File, Format Version 12.00
# Visual Studio Version 16
VisualStudioVersion = 16.0.31410.357
MinimumVisualStudioVersion = 10.0.40219.1
Project("{FAE04EC0-301F-11D3-BF4B-00C04F79EFBC}") = "Exercicio12", "Exercicio12\Exercicio12.csproj", "{1C3C4DFB-31BC-469A-B583-EA5EE34C6B28}"
EndProject
Global
	GlobalSection(SolutionConfigurationPlatforms) = preSolution
		Debug|Any CPU = Debug|Any CPU
		Release|Any CPU = Release|Any CPU
	EndGlobalSection
	GlobalSection(ProjectConfigurationPlatforms) = postSolution
		{1C3C4DFB-31BC-469A-B583-EA5EE34C6B28}.Debug|Any CPU.ActiveCfg = Debug|Any CPU
		{1C3C4DFB-31BC-469A-B583-EA5EE34C6B28}.Debug|Any CPU.Build.0 = Debug|Any CPU
		{1C3C4DFB-31BC-469A-B583-EA5EE34C6B28}.Release|Any CPU.ActiveCfg = Release|Any CPU
		{1C3C4DFB-31BC-469A-B583-EA5EE34C6B28}.Release|Any CPU.Build.0 = Release|Any CPU
	EndGlobalSection
	GlobalSection(SolutionProperties) = preSolution
		HideSolutionNode = FALSE
	EndGlobalSection
	GlobalSection(ExtensibilityGlobals) = postSolution
		SolutionGuid = {A087E427-F5E9-44FD-BE7E-BC500480E9FD}
	EndGlobalSection
EndGlobal
