
Microsoft Visual Studio Solution File, Format Version 12.00
# Visual Studio Version 16
VisualStudioVersion = 16.0.31410.357
MinimumVisualStudioVersion = 10.0.40219.1
Project("{FAE04EC0-301F-11D3-BF4B-00C04F79EFBC}") = "Exercicio4", "Exercicio4\Exercicio4.csproj", "{639E6CE7-70FE-49BC-877A-AC5685349FFB}"
EndProject
Global
	GlobalSection(SolutionConfigurationPlatforms) = preSolution
		Debug|Any CPU = Debug|Any CPU
		Release|Any CPU = Release|Any CPU
	EndGlobalSection
	GlobalSection(ProjectConfigurationPlatforms) = postSolution
		{639E6CE7-70FE-49BC-877A-AC5685349FFB}.Debug|Any CPU.ActiveCfg = Debug|Any CPU
		{639E6CE7-70FE-49BC-877A-AC5685349FFB}.Debug|Any CPU.Build.0 = Debug|Any CPU
		{639E6CE7-70FE-49BC-877A-AC5685349FFB}.Release|Any CPU.ActiveCfg = Release|Any CPU
		{639E6CE7-70FE-49BC-877A-AC5685349FFB}.Release|Any CPU.Build.0 = Release|Any CPU
	EndGlobalSection
	GlobalSection(SolutionProperties) = preSolution
		HideSolutionNode = FALSE
	EndGlobalSection
	GlobalSection(ExtensibilityGlobals) = postSolution
		SolutionGuid = {58B292A6-A097-4715-9371-D24FA88D7EE5}
	EndGlobalSection
EndGlobal
