
Microsoft Visual Studio Solution File, Format Version 12.00
# Visual Studio Version 16
VisualStudioVersion = 16.0.31410.357
MinimumVisualStudioVersion = 10.0.40219.1
Project("{FAE04EC0-301F-11D3-BF4B-00C04F79EFBC}") = "Exercicio19", "Exercicio19\Exercicio19.csproj", "{681E011B-CBD2-4355-8AB8-ACAA0C60719F}"
EndProject
Global
	GlobalSection(SolutionConfigurationPlatforms) = preSolution
		Debug|Any CPU = Debug|Any CPU
		Release|Any CPU = Release|Any CPU
	EndGlobalSection
	GlobalSection(ProjectConfigurationPlatforms) = postSolution
		{681E011B-CBD2-4355-8AB8-ACAA0C60719F}.Debug|Any CPU.ActiveCfg = Debug|Any CPU
		{681E011B-CBD2-4355-8AB8-ACAA0C60719F}.Debug|Any CPU.Build.0 = Debug|Any CPU
		{681E011B-CBD2-4355-8AB8-ACAA0C60719F}.Release|Any CPU.ActiveCfg = Release|Any CPU
		{681E011B-CBD2-4355-8AB8-ACAA0C60719F}.Release|Any CPU.Build.0 = Release|Any CPU
	EndGlobalSection
	GlobalSection(SolutionProperties) = preSolution
		HideSolutionNode = FALSE
	EndGlobalSection
	GlobalSection(ExtensibilityGlobals) = postSolution
		SolutionGuid = {83D1747C-ADE0-4639-9BB7-96B9482ED03F}
	EndGlobalSection
EndGlobal
