
Microsoft Visual Studio Solution File, Format Version 12.00
# Visual Studio Version 16
VisualStudioVersion = 16.0.31410.357
MinimumVisualStudioVersion = 10.0.40219.1
Project("{FAE04EC0-301F-11D3-BF4B-00C04F79EFBC}") = "IfElse", "IfElse\IfElse.csproj", "{4AA7D420-0B02-4499-8D51-249B56A10339}"
EndProject
Global
	GlobalSection(SolutionConfigurationPlatforms) = preSolution
		Debug|Any CPU = Debug|Any CPU
		Release|Any CPU = Release|Any CPU
	EndGlobalSection
	GlobalSection(ProjectConfigurationPlatforms) = postSolution
		{4AA7D420-0B02-4499-8D51-249B56A10339}.Debug|Any CPU.ActiveCfg = Debug|Any CPU
		{4AA7D420-0B02-4499-8D51-249B56A10339}.Debug|Any CPU.Build.0 = Debug|Any CPU
		{4AA7D420-0B02-4499-8D51-249B56A10339}.Release|Any CPU.ActiveCfg = Release|Any CPU
		{4AA7D420-0B02-4499-8D51-249B56A10339}.Release|Any CPU.Build.0 = Release|Any CPU
	EndGlobalSection
	GlobalSection(SolutionProperties) = preSolution
		HideSolutionNode = FALSE
	EndGlobalSection
	GlobalSection(ExtensibilityGlobals) = postSolution
		SolutionGuid = {24B55275-6346-4D11-8449-68A78E1F8D69}
	EndGlobalSection
EndGlobal
