
Microsoft Visual Studio Solution File, Format Version 12.00
# Visual Studio Version 16
VisualStudioVersion = 16.0.31410.357
MinimumVisualStudioVersion = 10.0.40219.1
Project("{FAE04EC0-301F-11D3-BF4B-00C04F79EFBC}") = "Exercicio8", "Exercicio8\Exercicio8.csproj", "{1574977A-B593-4044-9874-6CD385F43698}"
EndProject
Global
	GlobalSection(SolutionConfigurationPlatforms) = preSolution
		Debug|Any CPU = Debug|Any CPU
		Release|Any CPU = Release|Any CPU
	EndGlobalSection
	GlobalSection(ProjectConfigurationPlatforms) = postSolution
		{1574977A-B593-4044-9874-6CD385F43698}.Debug|Any CPU.ActiveCfg = Debug|Any CPU
		{1574977A-B593-4044-9874-6CD385F43698}.Debug|Any CPU.Build.0 = Debug|Any CPU
		{1574977A-B593-4044-9874-6CD385F43698}.Release|Any CPU.ActiveCfg = Release|Any CPU
		{1574977A-B593-4044-9874-6CD385F43698}.Release|Any CPU.Build.0 = Release|Any CPU
	EndGlobalSection
	GlobalSection(SolutionProperties) = preSolution
		HideSolutionNode = FALSE
	EndGlobalSection
	GlobalSection(ExtensibilityGlobals) = postSolution
		SolutionGuid = {DD01F342-937C-423F-89BD-C4D15658D964}
	EndGlobalSection
EndGlobal
