
Microsoft Visual Studio Solution File, Format Version 12.00
# Visual Studio Version 16
VisualStudioVersion = 16.0.31410.357
MinimumVisualStudioVersion = 10.0.40219.1
Project("{FAE04EC0-301F-11D3-BF4B-00C04F79EFBC}") = "Exercicio16", "Exercicio16\Exercicio16.csproj", "{C70FEE3D-0569-4B3F-AAE5-408251D59D71}"
EndProject
Global
	GlobalSection(SolutionConfigurationPlatforms) = preSolution
		Debug|Any CPU = Debug|Any CPU
		Release|Any CPU = Release|Any CPU
	EndGlobalSection
	GlobalSection(ProjectConfigurationPlatforms) = postSolution
		{C70FEE3D-0569-4B3F-AAE5-408251D59D71}.Debug|Any CPU.ActiveCfg = Debug|Any CPU
		{C70FEE3D-0569-4B3F-AAE5-408251D59D71}.Debug|Any CPU.Build.0 = Debug|Any CPU
		{C70FEE3D-0569-4B3F-AAE5-408251D59D71}.Release|Any CPU.ActiveCfg = Release|Any CPU
		{C70FEE3D-0569-4B3F-AAE5-408251D59D71}.Release|Any CPU.Build.0 = Release|Any CPU
	EndGlobalSection
	GlobalSection(SolutionProperties) = preSolution
		HideSolutionNode = FALSE
	EndGlobalSection
	GlobalSection(ExtensibilityGlobals) = postSolution
		SolutionGuid = {EC32D415-6144-415B-B593-6DD0D64AAF82}
	EndGlobalSection
EndGlobal
